// !$*UTF8*$!
{
	archiveVersion = 1;
	classes = {
	};
	objectVersion = 46;
	objects = {

/* Begin PBXBuildFile section */
		FAE921A11DEDFE9700C393DC /* AppDelegate.swift in Sources */ = {isa = PBXBuildFile; fileRef = FAE921A01DEDFE9700C393DC /* AppDelegate.swift */; };
		FAE921A31DEDFE9700C393DC /* ViewController.swift in Sources */ = {isa = PBXBuildFile; fileRef = FAE921A21DEDFE9700C393DC /* ViewController.swift */; };
		FAE921A61DEDFE9700C393DC /* Main.storyboard in Resources */ = {isa = PBXBuildFile; fileRef = FAE921A41DEDFE9700C393DC /* Main.storyboard */; };
		FAE921A81DEDFE9700C393DC /* Assets.xcassets in Resources */ = {isa = PBXBuildFile; fileRef = FAE921A71DEDFE9700C393DC /* Assets.xcassets */; };
		FAE921AB1DEDFE9700C393DC /* LaunchScreen.storyboard in Resources */ = {isa = PBXBuildFile; fileRef = FAE921A91DEDFE9700C393DC /* LaunchScreen.storyboard */; };
		FAE921B61DEDFE9800C393DC /* HelloWorldUITests.swift in Sources */ = {isa = PBXBuildFile; fileRef = FAE921B51DEDFE9800C393DC /* HelloWorldUITests.swift */; };
/* End PBXBuildFile section */

/* Begin PBXContainerItemProxy section */
		FAE921B21DEDFE9800C393DC /* PBXContainerItemProxy */ = {
			isa = PBXContainerItemProxy;
			containerPortal = FAE921951DEDFE9700C393DC /* Project object */;
			proxyType = 1;
			remoteGlobalIDString = FAE9219C1DEDFE9700C393DC;
			remoteInfo = HelloWorld;
		};
/* End PBXContainerItemProxy section */

/* Begin PBXFileReference section */
		FAE9219D1DEDFE9700C393DC /* HelloWorld.app */ = {isa = PBXFileReference; explicitFileType = wrapper.application; includeInIndex = 0; path = HelloWorld.app; sourceTree = BUILT_PRODUCTS_DIR; };
		FAE921A01DEDFE9700C393DC /* AppDelegate.swift */ = {isa = PBXFileReference; lastKnownFileType = sourcecode.swift; path = AppDelegate.swift; sourceTree = "<group>"; };
		FAE921A21DEDFE9700C393DC /* ViewController.swift */ = {isa = PBXFileReference; lastKnownFileType = sourcecode.swift; path = ViewController.swift; sourceTree = "<group>"; };
		FAE921A51DEDFE9700C393DC /* Base */ = {isa = PBXFileReference; lastKnownFileType = file.storyboard; name = Base; path = Base.lproj/Main.storyboard; sourceTree = "<group>"; };
		FAE921A71DEDFE9700C393DC /* Assets.xcassets */ = {isa = PBXFileReference; lastKnownFileType = folder.assetcatalog; path = Assets.xcassets; sourceTree = "<group>"; };
		FAE921AA1DEDFE9700C393DC /* Base */ = {isa = PBXFileReference; lastKnownFileType = file.storyboard; name = Base; path = Base.lproj/LaunchScreen.storyboard; sourceTree = "<group>"; };
		FAE921AC1DEDFE9700C393DC /* Info.plist */ = {isa = PBXFileReference; lastKnownFileType = text.plist.xml; path = Info.plist; sourceTree = "<group>"; };
		FAE921B11DEDFE9800C393DC /* HelloWorldUITests.xctest */ = {isa = PBXFileReference; explicitFileType = wrapper.cfbundle; includeInIndex = 0; path = HelloWorldUITests.xctest; sourceTree = BUILT_PRODUCTS_DIR; };
		FAE921B51DEDFE9800C393DC /* HelloWorldUITests.swift */ = {isa = PBXFileReference; lastKnownFileType = sourcecode.swift; path = HelloWorldUITests.swift; sourceTree = "<group>"; };
		FAE921B71DEDFE9800C393DC /* Info.plist */ = {isa = PBXFileReference; lastKnownFileType = text.plist.xml; path = Info.plist; sourceTree = "<group>"; };
/* End PBXFileReference section */

/* Begin PBXFrameworksBuildPhase section */
		FAE9219A1DEDFE9700C393DC /* Frameworks */ = {
			isa = PBXFrameworksBuildPhase;
			buildActionMask = 2147483647;
			files = (
			);
			runOnlyForDeploymentPostprocessing = 0;
		};
		FAE921AE1DEDFE9800C393DC /* Frameworks */ = {
			isa = PBXFrameworksBuildPhase;
			buildActionMask = 2147483647;
			files = (
			);
			runOnlyForDeploymentPostprocessing = 0;
		};
/* End PBXFrameworksBuildPhase section */

/* Begin PBXGroup section */
		FAE921941DEDFE9700C393DC = {
			isa = PBXGroup;
			children = (
				FAE9219F1DEDFE9700C393DC /* HelloWorld */,
				FAE921B41DEDFE9800C393DC /* HelloWorldUITests */,
				FAE9219E1DEDFE9700C393DC /* Products */,
			);
			sourceTree = "<group>";
		};
		FAE9219E1DEDFE9700C393DC /* Products */ = {
			isa = PBXGroup;
			children = (
				FAE9219D1DEDFE9700C393DC /* HelloWorld.app */,
				FAE921B11DEDFE9800C393DC /* HelloWorldUITests.xctest */,
			);
			name = Products;
			sourceTree = "<group>";
		};
		FAE9219F1DEDFE9700C393DC /* HelloWorld */ = {
			isa = PBXGroup;
			children = (
				FAE921A01DEDFE9700C393DC /* AppDelegate.swift */,
				FAE921A21DEDFE9700C393DC /* ViewController.swift */,
				FAE921A41DEDFE9700C393DC /* Main.storyboard */,
				FAE921A71DEDFE9700C393DC /* Assets.xcassets */,
				FAE921A91DEDFE9700C393DC /* LaunchScreen.storyboard */,
				FAE921AC1DEDFE9700C393DC /* Info.plist */,
			);
			path = HelloWorld;
			sourceTree = "<group>";
		};
		FAE921B41DEDFE9800C393DC /* HelloWorldUITests */ = {
			isa = PBXGroup;
			children = (
				FAE921B51DEDFE9800C393DC /* HelloWorldUITests.swift */,
				FAE921B71DEDFE9800C393DC /* Info.plist */,
			);
			path = HelloWorldUITests;
			sourceTree = "<group>";
		};
/* End PBXGroup section */

/* Begin PBXNativeTarget section */
		FAE9219C1DEDFE9700C393DC /* HelloWorld */ = {
			isa = PBXNativeTarget;
			buildConfigurationList = FAE921BA1DEDFE9800C393DC /* Build configuration list for PBXNativeTarget "HelloWorld" */;
			buildPhases = (
				FAE921991DEDFE9700C393DC /* Sources */,
				FAE9219A1DEDFE9700C393DC /* Frameworks */,
				FAE9219B1DEDFE9700C393DC /* Resources */,
			);
			buildRules = (
			);
			dependencies = (
			);
			name = HelloWorld;
			productName = HelloWorld;
			productReference = FAE9219D1DEDFE9700C393DC /* HelloWorld.app */;
			productType = "com.apple.product-type.application";
		};
		FAE921B01DEDFE9800C393DC /* HelloWorldUITests */ = {
			isa = PBXNativeTarget;
			buildConfigurationList = FAE921BD1DEDFE9800C393DC /* Build configuration list for PBXNativeTarget "HelloWorldUITests" */;
			buildPhases = (
				FAE921AD1DEDFE9800C393DC /* Sources */,
				FAE921AE1DEDFE9800C393DC /* Frameworks */,
				FAE921AF1DEDFE9800C393DC /* Resources */,
			);
			buildRules = (
			);
			dependencies = (
				FAE921B31DEDFE9800C393DC /* PBXTargetDependency */,
			);
			name = HelloWorldUITests;
			productName = HelloWorldUITests;
			productReference = FAE921B11DEDFE9800C393DC /* HelloWorldUITests.xctest */;
			productType = "com.apple.product-type.bundle.ui-testing";
		};
/* End PBXNativeTarget section */

/* Begin PBXProject section */
		FAE921951DEDFE9700C393DC /* Project object */ = {
			isa = PBXProject;
			attributes = {
				LastSwiftUpdateCheck = 0810;
				LastUpgradeCheck = 0810;
				ORGANIZATIONNAME = "__SELF___";
				TargetAttributes = {
					FAE9219C1DEDFE9700C393DC = {
						CreatedOnToolsVersion = 8.1;
						ProvisioningStyle = Automatic;
					};
					FAE921B01DEDFE9800C393DC = {
						CreatedOnToolsVersion = 8.1;
						ProvisioningStyle = Automatic;
						TestTargetID = FAE9219C1DEDFE9700C393DC;
					};
				};
			};
			buildConfigurationList = FAE921981DEDFE9700C393DC /* Build configuration list for PBXProject "HelloWorld" */;
			compatibilityVersion = "Xcode 3.2";
			developmentRegion = English;
			hasScannedForEncodings = 0;
			knownRegions = (
				en,
				Base,
			);
			mainGroup = FAE921941DEDFE9700C393DC;
			productRefGroup = FAE9219E1DEDFE9700C393DC /* Products */;
			projectDirPath = "";
			projectRoot = "";
			targets = (
				FAE9219C1DEDFE9700C393DC /* HelloWorld */,
				FAE921B01DEDFE9800C393DC /* HelloWorldUITests */,
			);
		};
/* End PBXProject section */

/* Begin PBXResourcesBuildPhase section */
		FAE9219B1DEDFE9700C393DC /* Resources */ = {
			isa = PBXResourcesBuildPhase;
			buildActionMask = 2147483647;
			files = (
				FAE921AB1DEDFE9700C393DC /* LaunchScreen.storyboard in Resources */,
				FAE921A81DEDFE9700C393DC /* Assets.xcassets in Resources */,
				FAE921A61DEDFE9700C393DC /* Main.storyboard in Resources */,
			);
			runOnlyForDeploymentPostprocessing = 0;
		};
		FAE921AF1DEDFE9800C393DC /* Resources */ = {
			isa = PBXResourcesBuildPhase;
			buildActionMask = 2147483647;
			files = (
			);
			runOnlyForDeploymentPostprocessing = 0;
		};
/* End PBXResourcesBuildPhase section */

/* Begin PBXSourcesBuildPhase section */
		FAE921991DEDFE9700C393DC /* Sources */ = {
			isa = PBXSourcesBuildPhase;
			buildActionMask = 2147483647;
			files = (
				FAE921A31DEDFE9700C393DC /* ViewController.swift in Sources */,
				FAE921A11DEDFE9700C393DC /* AppDelegate.swift in Sources */,
			);
			runOnlyForDeploymentPostprocessing = 0;
		};
		FAE921AD1DEDFE9800C393DC /* Sources */ = {
			isa = PBXSourcesBuildPhase;
			buildActionMask = 2147483647;
			files = (
				FAE921B61DEDFE9800C393DC /* HelloWorldUITests.swift in Sources */,
			);
			runOnlyForDeploymentPostprocessing = 0;
		};
/* End PBXSourcesBuildPhase section */

/* Begin PBXTargetDependency section */
		FAE921B31DEDFE9800C393DC /* PBXTargetDependency */ = {
			isa = PBXTargetDependency;
			target = FAE9219C1DEDFE9700C393DC /* HelloWorld */;
			targetProxy = FAE921B21DEDFE9800C393DC /* PBXContainerItemProxy */;
		};
/* End PBXTargetDependency section */

/* Begin PBXVariantGroup section */
		FAE921A41DEDFE9700C393DC /* Main.storyboard */ = {
			isa = PBXVariantGroup;
			children = (
				FAE921A51DEDFE9700C393DC /* Base */,
			);
			name = Main.storyboard;
			sourceTree = "<group>";
		};
		FAE921A91DEDFE9700C393DC /* LaunchScreen.storyboard */ = {
			isa = PBXVariantGroup;
			children = (
				FAE921AA1DEDFE9700C393DC /* Base */,
			);
			name = LaunchScreen.storyboard;
			sourceTree = "<group>";
		};
/* End PBXVariantGroup section */

/* Begin XCBuildConfiguration section */
		FAE921B81DEDFE9800C393DC /* Debug */ = {
			isa = XCBuildConfiguration;
			buildSettings = {
				ALWAYS_SEARCH_USER_PATHS = NO;
				CLANG_ANALYZER_NONNULL = YES;
				CLANG_CXX_LANGUAGE_STANDARD = "gnu++0x";
				CLANG_CXX_LIBRARY = "libc++";
				CLANG_ENABLE_MODULES = YES;
				CLANG_ENABLE_OBJC_ARC = YES;
				CLANG_WARN_BOOL_CONVERSION = YES;
				CLANG_WARN_CONSTANT_CONVERSION = YES;
				CLANG_WARN_DIRECT_OBJC_ISA_USAGE = YES_ERROR;
				CLANG_WARN_DOCUMENTATION_COMMENTS = YES;
				CLANG_WARN_EMPTY_BODY = YES;
				CLANG_WARN_ENUM_CONVERSION = YES;
				CLANG_WARN_INFINITE_RECURSION = YES;
				CLANG_WARN_INT_CONVERSION = YES;
				CLANG_WARN_OBJC_ROOT_CLASS = YES_ERROR;
				CLANG_WARN_SUSPICIOUS_MOVES = YES;
				CLANG_WARN_UNREACHABLE_CODE = YES;
				CLANG_WARN__DUPLICATE_METHOD_MATCH = YES;
				"CODE_SIGN_IDENTITY[sdk=iphoneos*]" = "iPhone Developer";
				COPY_PHASE_STRIP = NO;
				DEBUG_INFORMATION_FORMAT = dwarf;
				ENABLE_STRICT_OBJC_MSGSEND = YES;
				ENABLE_TESTABILITY = YES;
				GCC_C_LANGUAGE_STANDARD = gnu99;
				GCC_DYNAMIC_NO_PIC = NO;
				GCC_NO_COMMON_BLOCKS = YES;
				GCC_OPTIMIZATION_LEVEL = 0;
				GCC_PREPROCESSOR_DEFINITIONS = (
					"DEBUG=1",
					"$(inherited)",
				);
				GCC_WARN_64_TO_32_BIT_CONVERSION = YES;
				GCC_WARN_ABOUT_RETURN_TYPE = YES_ERROR;
				GCC_WARN_UNDECLARED_SELECTOR = YES;
				GCC_WARN_UNINITIALIZED_AUTOS = YES_AGGRESSIVE;
				GCC_WARN_UNUSED_FUNCTION = YES;
				GCC_WARN_UNUSED_VARIABLE = YES;
				IPHONEOS_DEPLOYMENT_TARGET = 10.1;
				MTL_ENABLE_DEBUG_INFO = YES;
				ONLY_ACTIVE_ARCH = YES;
				SDKROOT = iphoneos;
				SWIFT_ACTIVE_COMPILATION_CONDITIONS = DEBUG;
				SWIFT_OPTIMIZATION_LEVEL = "-Onone";
			};
			name = Debug;
		};
		FAE921B91DEDFE9800C393DC /* Release */ = {
			isa = XCBuildConfiguration;
			buildSettings = {
				ALWAYS_SEARCH_USER_PATHS = NO;
				CLANG_ANALYZER_NONNULL = YES;
				CLANG_CXX_LANGUAGE_STANDARD = "gnu++0x";
				CLANG_CXX_LIBRARY = "libc++";
				CLANG_ENABLE_MODULES = YES;
				CLANG_ENABLE_OBJC_ARC = YES;
				CLANG_WARN_BOOL_CONVERSION = YES;
				CLANG_WARN_CONSTANT_CONVERSION = YES;
				CLANG_WARN_DIRECT_OBJC_ISA_USAGE = YES_ERROR;
				CLANG_WARN_DOCUMENTATION_COMMENTS = YES;
				CLANG_WARN_EMPTY_BODY = YES;
				CLANG_WARN_ENUM_CONVERSION = YES;
				CLANG_WARN_INFINITE_RECURSION = YES;
				CLANG_WARN_INT_CONVERSION = YES;
				CLANG_WARN_OBJC_ROOT_CLASS = YES_ERROR;
				CLANG_WARN_SUSPICIOUS_MOVES = YES;
				CLANG_WARN_UNREACHABLE_CODE = YES;
				CLANG_WARN__DUPLICATE_METHOD_MATCH = YES;
				"CODE_SIGN_IDENTITY[sdk=iphoneos*]" = "iPhone Developer";
				COPY_PHASE_STRIP = NO;
				DEBUG_INFORMATION_FORMAT = "dwarf-with-dsym";
				ENABLE_NS_ASSERTIONS = NO;
				ENABLE_STRICT_OBJC_MSGSEND = YES;
				GCC_C_LANGUAGE_STANDARD = gnu99;
				GCC_NO_COMMON_BLOCKS = YES;
				GCC_WARN_64_TO_32_BIT_CONVERSION = YES;
				GCC_WARN_ABOUT_RETURN_TYPE = YES_ERROR;
				GCC_WARN_UNDECLARED_SELECTOR = YES;
				GCC_WARN_UNINITIALIZED_AUTOS = YES_AGGRESSIVE;
				GCC_WARN_UNUSED_FUNCTION = YES;
				GCC_WARN_UNUSED_VARIABLE = YES;
				IPHONEOS_DEPLOYMENT_TARGET = 10.1;
				MTL_ENABLE_DEBUG_INFO = NO;
				SDKROOT = iphoneos;
				SWIFT_OPTIMIZATION_LEVEL = "-Owholemodule";
				VALIDATE_PRODUCT = YES;
			};
			name = Release;
		};
		FAE921BB1DEDFE9800C393DC /* Debug */ = {
			isa = XCBuildConfiguration;
			buildSettings = {
				ASSETCATALOG_COMPILER_APPICON_NAME = AppIcon;
				INFOPLIST_FILE = HelloWorld/Info.plist;
				LD_RUNPATH_SEARCH_PATHS = "$(inherited) @executable_path/Frameworks";
				PRODUCT_BUNDLE_IDENTIFIER = com.self.HelloWorld;
				PRODUCT_NAME = "$(TARGET_NAME)";
				SWIFT_VERSION = 3.0;
			};
			name = Debug;
		};
		FAE921BC1DEDFE9800C393DC /* Release */ = {
			isa = XCBuildConfiguration;
			buildSettings = {
				ASSETCATALOG_COMPILER_APPICON_NAME = AppIcon;
				INFOPLIST_FILE = HelloWorld/Info.plist;
				LD_RUNPATH_SEARCH_PATHS = "$(inherited) @executable_path/Frameworks";
				PRODUCT_BUNDLE_IDENTIFIER = com.self.HelloWorld;
				PRODUCT_NAME = "$(TARGET_NAME)";
				SWIFT_VERSION = 3.0;
			};
			name = Release;
		};
		FAE921BE1DEDFE9800C393DC /* Debug */ = {
			isa = XCBuildConfiguration;
			buildSettings = {
				ALWAYS_EMBED_SWIFT_STANDARD_LIBRARIES = YES;
				INFOPLIST_FILE = HelloWorldUITests/Info.plist;
				LD_RUNPATH_SEARCH_PATHS = "$(inherited) @executable_path/Frameworks @loader_path/Frameworks";
				PRODUCT_BUNDLE_IDENTIFIER = com.self.HelloWorldUITests;
				PRODUCT_NAME = "$(TARGET_NAME)";
				SWIFT_VERSION = 3.0;
				TEST_TARGET_NAME = HelloWorld;
			};
			name = Debug;
		};
		FAE921BF1DEDFE9800C393DC /* Release */ = {
			isa = XCBuildConfiguration;
			buildSettings = {
				ALWAYS_EMBED_SWIFT_STANDARD_LIBRARIES = YES;
				INFOPLIST_FILE = HelloWorldUITests/Info.plist;
				LD_RUNPATH_SEARCH_PATHS = "$(inherited) @executable_path/Frameworks @loader_path/Frameworks";
				PRODUCT_BUNDLE_IDENTIFIER = com.self.HelloWorldUITests;
				PRODUCT_NAME = "$(TARGET_NAME)";
				SWIFT_VERSION = 3.0;
				TEST_TARGET_NAME = HelloWorld;
			};
			name = Release;
		};
/* End XCBuildConfiguration section */

/* Begin XCConfigurationList section */
		FAE921981DEDFE9700C393DC /* Build configuration list for PBXProject "HelloWorld" */ = {
			isa = XCConfigurationList;
			buildConfigurations = (
				FAE921B81DEDFE9800C393DC /* Debug */,
				FAE921B91DEDFE9800C393DC /* Release */,
			);
			defaultConfigurationIsVisible = 0;
			defaultConfigurationName = Release;
		};
		FAE921BA1DEDFE9800C393DC /* Build configuration list for PBXNativeTarget "HelloWorld" */ = {
			isa = XCConfigurationList;
			buildConfigurations = (
				FAE921BB1DEDFE9800C393DC /* Debug */,
				FAE921BC1DEDFE9800C393DC /* Release */,
			);
			defaultConfigurationIsVisible = 0;
		};
		FAE921BD1DEDFE9800C393DC /* Build configuration list for PBXNativeTarget "HelloWorldUITests" */ = {
			isa = XCConfigurationList;
			buildConfigurations = (
				FAE921BE1DEDFE9800C393DC /* Debug */,
				FAE921BF1DEDFE9800C393DC /* Release */,
			);
			defaultConfigurationIsVisible = 0;
		};
/* End XCConfigurationList section */
	};
	rootObject = FAE921951DEDFE9700C393DC /* Project object */;
}
